
Microsoft Visual Studio Solution File, Format Version 12.00
# Visual Studio 15
VisualStudioVersion = 15.0.28010.2036
MinimumVisualStudioVersion = 10.0.40219.1
Project("{FAE04EC0-301F-11D3-BF4B-00C04F79EFBC}") = "GrandCircusLab4", "GrandCircusLab4\GrandCircusLab4.csproj", "{531EECE2-42AD-4F78-9AE0-7F98D3464E9A}"
EndProject
Global
	GlobalSection(SolutionConfigurationPlatforms) = preSolution
		Debug|Any CPU = Debug|Any CPU
		Release|Any CPU = Release|Any CPU
	EndGlobalSection
	GlobalSection(ProjectConfigurationPlatforms) = postSolution
		{531EECE2-42AD-4F78-9AE0-7F98D3464E9A}.Debug|Any CPU.ActiveCfg = Debug|Any CPU
		{531EECE2-42AD-4F78-9AE0-7F98D3464E9A}.Debug|Any CPU.Build.0 = Debug|Any CPU
		{531EECE2-42AD-4F78-9AE0-7F98D3464E9A}.Release|Any CPU.ActiveCfg = Release|Any CPU
		{531EECE2-42AD-4F78-9AE0-7F98D3464E9A}.Release|Any CPU.Build.0 = Release|Any CPU
	EndGlobalSection
	GlobalSection(SolutionProperties) = preSolution
		HideSolutionNode = FALSE
	EndGlobalSection
	GlobalSection(ExtensibilityGlobals) = postSolution
		SolutionGuid = {69D28995-6E2E-46D8-976E-7C4E0763D4D4}
	EndGlobalSection
EndGlobal
